
Microsoft Visual Studio Solution File, Format Version 12.00
# Visual Studio Version 16
VisualStudioVersion = 16.0.31321.278
MinimumVisualStudioVersion = 10.0.40219.1
Project("{FAE04EC0-301F-11D3-BF4B-00C04F79EFBC}") = "Bus", "Bus\Bus.csproj", "{280FDADA-4E27-42D5-8B69-3E05FC924046}"
EndProject
Global
	GlobalSection(SolutionConfigurationPlatforms) = preSolution
		Debug|Any CPU = Debug|Any CPU
		Release|Any CPU = Release|Any CPU
	EndGlobalSection
	GlobalSection(ProjectConfigurationPlatforms) = postSolution
		{280FDADA-4E27-42D5-8B69-3E05FC924046}.Debug|Any CPU.ActiveCfg = Debug|Any CPU
		{280FDADA-4E27-42D5-8B69-3E05FC924046}.Debug|Any CPU.Build.0 = Debug|Any CPU
		{280FDADA-4E27-42D5-8B69-3E05FC924046}.Release|Any CPU.ActiveCfg = Release|Any CPU
		{280FDADA-4E27-42D5-8B69-3E05FC924046}.Release|Any CPU.Build.0 = Release|Any CPU
	EndGlobalSection
	GlobalSection(SolutionProperties) = preSolution
		HideSolutionNode = FALSE
	EndGlobalSection
	GlobalSection(ExtensibilityGlobals) = postSolution
		SolutionGuid = {8FE8DF0D-B2FB-49EB-B560-79CD62342026}
	EndGlobalSection
EndGlobal
